
Microsoft Visual Studio Solution File, Format Version 12.00
# Visual Studio Version 16
VisualStudioVersion = 16.0.29001.49
MinimumVisualStudioVersion = 10.0.40219.1
Project("{FAE04EC0-301F-11D3-BF4B-00C04F79EFBC}") = "WebApplication2", "WebApplication2\WebApplication2.csproj", "{3A44B316-8B0B-446F-9261-5614F85649FA}"
EndProject
Global
	GlobalSection(SolutionConfigurationPlatforms) = preSolution
		Debug|Any CPU = Debug|Any CPU
		Release|Any CPU = Release|Any CPU
	EndGlobalSection
	GlobalSection(ProjectConfigurationPlatforms) = postSolution
		{3A44B316-8B0B-446F-9261-5614F85649FA}.Debug|Any CPU.ActiveCfg = Debug|Any CPU
		{3A44B316-8B0B-446F-9261-5614F85649FA}.Debug|Any CPU.Build.0 = Debug|Any CPU
		{3A44B316-8B0B-446F-9261-5614F85649FA}.Release|Any CPU.ActiveCfg = Release|Any CPU
		{3A44B316-8B0B-446F-9261-5614F85649FA}.Release|Any CPU.Build.0 = Release|Any CPU
	EndGlobalSection
	GlobalSection(SolutionProperties) = preSolution
		HideSolutionNode = FALSE
	EndGlobalSection
	GlobalSection(ExtensibilityGlobals) = postSolution
		SolutionGuid = {0F65075C-1808-4BBF-A1E1-328779090590}
	EndGlobalSection
EndGlobal
